
Microsoft Visual Studio Solution File, Format Version 12.00
# Visual Studio Version 17
VisualStudioVersion = 17.7.34031.279
MinimumVisualStudioVersion = 10.0.40219.1
Project("{2150E333-8FDC-42A3-9474-1A3956D46DE8}") = "src", "src", "{A315D8DF-250D-41E6-94E4-F53D09CBB73B}"
EndProject
Project("{2150E333-8FDC-42A3-9474-1A3956D46DE8}") = "API", "API", "{A5372940-A7C1-4016-893C-9BE84915D68B}"
EndProject
Project("{9A19103F-16F7-4668-BE54-9A1E7A4F7556}") = "API", "src\API\API\API.csproj", "{9F3CF2FA-A742-44D0-8F76-ED1558B8E419}"
EndProject
Project("{9A19103F-16F7-4668-BE54-9A1E7A4F7556}") = "API.Application", "src\API\API.Application\API.Application.csproj", "{45375CA8-2467-463E-BDD1-7FF748ADA19D}"
EndProject
Project("{9A19103F-16F7-4668-BE54-9A1E7A4F7556}") = "API.Domain", "src\API\API.Domain\API.Domain.csproj", "{1DDF0C50-28DF-42CF-9C08-7CDDFABC2AF0}"
EndProject
Project("{9A19103F-16F7-4668-BE54-9A1E7A4F7556}") = "API.Infrastructure", "src\API\API.Infrastructure\API.Infrastructure.csproj", "{4116A6CA-7961-45BA-BE83-032EDE035576}"
EndProject
Project("{2150E333-8FDC-42A3-9474-1A3956D46DE8}") = "tests", "tests", "{713A95FA-C6E7-4D22-BAC9-61BE4E98BF53}"
EndProject
Project("{2150E333-8FDC-42A3-9474-1A3956D46DE8}") = "API", "API", "{38B8E8D2-1516-427B-839B-C263B9BA8548}"
EndProject
Project("{9A19103F-16F7-4668-BE54-9A1E7A4F7556}") = "API.Infrastructure.Test", "tests\API\API.Infrastructure.Test\API.Infrastructure.Test.csproj", "{FF077496-A899-4B95-A769-7A034758FAA7}"
EndProject
Project("{2150E333-8FDC-42A3-9474-1A3956D46DE8}") = "Mobile", "Mobile", "{A65B0BC2-3F37-427E-B66D-23E3DB1C121B}"
EndProject
Project("{9A19103F-16F7-4668-BE54-9A1E7A4F7556}") = "SocialApp", "src\Mobile\SocialApp\SocialApp.csproj", "{83B175B3-E7F1-41E8-B99B-9682771365AB}"
EndProject
Project("{2150E333-8FDC-42A3-9474-1A3956D46DE8}") = "Database", "Database", "{CB7AB8CA-A699-438B-BE24-74E8E1B8EE90}"
EndProject
Project("{00D1A9C2-B5F0-4AF3-8072-F6C62B433612}") = "SoicalAppSQLServer", "src\Database\SoicalAppSQLServer\SoicalAppSQLServer.sqlproj", "{8D93FE04-8F7D-4C3F-8797-81EC3F62B942}"
EndProject
Global
	GlobalSection(SolutionConfigurationPlatforms) = preSolution
		Debug|Any CPU = Debug|Any CPU
		Release|Any CPU = Release|Any CPU
	EndGlobalSection
	GlobalSection(ProjectConfigurationPlatforms) = postSolution
		{9F3CF2FA-A742-44D0-8F76-ED1558B8E419}.Debug|Any CPU.ActiveCfg = Debug|Any CPU
		{9F3CF2FA-A742-44D0-8F76-ED1558B8E419}.Debug|Any CPU.Build.0 = Debug|Any CPU
		{9F3CF2FA-A742-44D0-8F76-ED1558B8E419}.Release|Any CPU.ActiveCfg = Release|Any CPU
		{9F3CF2FA-A742-44D0-8F76-ED1558B8E419}.Release|Any CPU.Build.0 = Release|Any CPU
		{45375CA8-2467-463E-BDD1-7FF748ADA19D}.Debug|Any CPU.ActiveCfg = Debug|Any CPU
		{45375CA8-2467-463E-BDD1-7FF748ADA19D}.Debug|Any CPU.Build.0 = Debug|Any CPU
		{45375CA8-2467-463E-BDD1-7FF748ADA19D}.Release|Any CPU.ActiveCfg = Release|Any CPU
		{45375CA8-2467-463E-BDD1-7FF748ADA19D}.Release|Any CPU.Build.0 = Release|Any CPU
		{1DDF0C50-28DF-42CF-9C08-7CDDFABC2AF0}.Debug|Any CPU.ActiveCfg = Debug|Any CPU
		{1DDF0C50-28DF-42CF-9C08-7CDDFABC2AF0}.Debug|Any CPU.Build.0 = Debug|Any CPU
		{1DDF0C50-28DF-42CF-9C08-7CDDFABC2AF0}.Release|Any CPU.ActiveCfg = Release|Any CPU
		{1DDF0C50-28DF-42CF-9C08-7CDDFABC2AF0}.Release|Any CPU.Build.0 = Release|Any CPU
		{4116A6CA-7961-45BA-BE83-032EDE035576}.Debug|Any CPU.ActiveCfg = Debug|Any CPU
		{4116A6CA-7961-45BA-BE83-032EDE035576}.Debug|Any CPU.Build.0 = Debug|Any CPU
		{4116A6CA-7961-45BA-BE83-032EDE035576}.Release|Any CPU.ActiveCfg = Release|Any CPU
		{4116A6CA-7961-45BA-BE83-032EDE035576}.Release|Any CPU.Build.0 = Release|Any CPU
		{FF077496-A899-4B95-A769-7A034758FAA7}.Debug|Any CPU.ActiveCfg = Debug|Any CPU
		{FF077496-A899-4B95-A769-7A034758FAA7}.Debug|Any CPU.Build.0 = Debug|Any CPU
		{FF077496-A899-4B95-A769-7A034758FAA7}.Release|Any CPU.ActiveCfg = Release|Any CPU
		{FF077496-A899-4B95-A769-7A034758FAA7}.Release|Any CPU.Build.0 = Release|Any CPU
		{83B175B3-E7F1-41E8-B99B-9682771365AB}.Debug|Any CPU.ActiveCfg = Debug|Any CPU
		{83B175B3-E7F1-41E8-B99B-9682771365AB}.Debug|Any CPU.Build.0 = Debug|Any CPU
		{83B175B3-E7F1-41E8-B99B-9682771365AB}.Debug|Any CPU.Deploy.0 = Debug|Any CPU
		{83B175B3-E7F1-41E8-B99B-9682771365AB}.Release|Any CPU.ActiveCfg = Release|Any CPU
		{83B175B3-E7F1-41E8-B99B-9682771365AB}.Release|Any CPU.Build.0 = Release|Any CPU
		{83B175B3-E7F1-41E8-B99B-9682771365AB}.Release|Any CPU.Deploy.0 = Release|Any CPU
		{8D93FE04-8F7D-4C3F-8797-81EC3F62B942}.Debug|Any CPU.ActiveCfg = Debug|Any CPU
		{8D93FE04-8F7D-4C3F-8797-81EC3F62B942}.Debug|Any CPU.Build.0 = Debug|Any CPU
		{8D93FE04-8F7D-4C3F-8797-81EC3F62B942}.Debug|Any CPU.Deploy.0 = Debug|Any CPU
		{8D93FE04-8F7D-4C3F-8797-81EC3F62B942}.Release|Any CPU.ActiveCfg = Release|Any CPU
		{8D93FE04-8F7D-4C3F-8797-81EC3F62B942}.Release|Any CPU.Build.0 = Release|Any CPU
		{8D93FE04-8F7D-4C3F-8797-81EC3F62B942}.Release|Any CPU.Deploy.0 = Release|Any CPU
	EndGlobalSection
	GlobalSection(SolutionProperties) = preSolution
		HideSolutionNode = FALSE
	EndGlobalSection
	GlobalSection(NestedProjects) = preSolution
		{A5372940-A7C1-4016-893C-9BE84915D68B} = {A315D8DF-250D-41E6-94E4-F53D09CBB73B}
		{9F3CF2FA-A742-44D0-8F76-ED1558B8E419} = {A5372940-A7C1-4016-893C-9BE84915D68B}
		{45375CA8-2467-463E-BDD1-7FF748ADA19D} = {A5372940-A7C1-4016-893C-9BE84915D68B}
		{1DDF0C50-28DF-42CF-9C08-7CDDFABC2AF0} = {A5372940-A7C1-4016-893C-9BE84915D68B}
		{4116A6CA-7961-45BA-BE83-032EDE035576} = {A5372940-A7C1-4016-893C-9BE84915D68B}
		{38B8E8D2-1516-427B-839B-C263B9BA8548} = {713A95FA-C6E7-4D22-BAC9-61BE4E98BF53}
		{FF077496-A899-4B95-A769-7A034758FAA7} = {38B8E8D2-1516-427B-839B-C263B9BA8548}
		{A65B0BC2-3F37-427E-B66D-23E3DB1C121B} = {A315D8DF-250D-41E6-94E4-F53D09CBB73B}
		{83B175B3-E7F1-41E8-B99B-9682771365AB} = {A65B0BC2-3F37-427E-B66D-23E3DB1C121B}
		{CB7AB8CA-A699-438B-BE24-74E8E1B8EE90} = {A315D8DF-250D-41E6-94E4-F53D09CBB73B}
		{8D93FE04-8F7D-4C3F-8797-81EC3F62B942} = {CB7AB8CA-A699-438B-BE24-74E8E1B8EE90}
	EndGlobalSection
	GlobalSection(ExtensibilityGlobals) = postSolution
		SolutionGuid = {086248C4-AB8B-4BB5-AE43-08066E98C3D3}
	EndGlobalSection
EndGlobal
