
Microsoft Visual Studio Solution File, Format Version 12.00
# Visual Studio Version 16
VisualStudioVersion = 16.0.32929.386
MinimumVisualStudioVersion = 10.0.40219.1
Project("{9A19103F-16F7-4668-BE54-9A1E7A4F7556}") = "API", "API\API.csproj", "{45475A94-DD7C-4F02-A69C-029954132FFA}"
EndProject
Global
	GlobalSection(SolutionConfigurationPlatforms) = preSolution
		Debug|Any CPU = Debug|Any CPU
		Release|Any CPU = Release|Any CPU
	EndGlobalSection
	GlobalSection(ProjectConfigurationPlatforms) = postSolution
		{45475A94-DD7C-4F02-A69C-029954132FFA}.Debug|Any CPU.ActiveCfg = Debug|Any CPU
		{45475A94-DD7C-4F02-A69C-029954132FFA}.Debug|Any CPU.Build.0 = Debug|Any CPU
		{45475A94-DD7C-4F02-A69C-029954132FFA}.Release|Any CPU.ActiveCfg = Release|Any CPU
		{45475A94-DD7C-4F02-A69C-029954132FFA}.Release|Any CPU.Build.0 = Release|Any CPU
	EndGlobalSection
	GlobalSection(SolutionProperties) = preSolution
		HideSolutionNode = FALSE
	EndGlobalSection
	GlobalSection(ExtensibilityGlobals) = postSolution
		SolutionGuid = {086248C4-AB8B-4BB5-AE43-08066E98C3D3}
	EndGlobalSection
EndGlobal
