{
  "name": "API",
  "lockfileVersion": 2,
  "requires": true,
  "packages": {
    "": {
      "dependencies": {
        "@fortawesome/free-solid-svg-icons": "^6.0.0"
      }
    },
    "node_modules/@fortawesome/fontawesome-common-types": {
      "version": "0.3.0",
      "resolved": "https://registry.npmjs.org/@fortawesome/fontawesome-common-types/-/fontawesome-common-types-0.3.0.tgz",
      "integrity": "sha512-CA3MAZBTxVsF6SkfkHXDerkhcQs0QPofy43eFdbWJJkZiq3SfiaH1msOkac59rQaqto5EqWnASboY1dBuKen5w==",
      "hasInstallScript": true,
      "engines": {
        "node": ">=6"
      }
    },
    "node_modules/@fortawesome/free-solid-svg-icons": {
      "version": "6.0.0",
      "resolved": "https://registry.npmjs.org/@fortawesome/free-solid-svg-icons/-/free-solid-svg-icons-6.0.0.tgz",
      "integrity": "sha512-o4FZ1XbndcgeWNb8Wh0y+Hgf73CjmyOQowUSaqQCtgIIdS+XliSBSOwCl330wER+I6CGYE96hT27bHBPmzX2Gg==",
      "hasInstallScript": true,
      "dependencies": {
        "@fortawesome/fontawesome-common-types": "^0.3.0"
      },
      "engines": {
        "node": ">=6"
      }
    }
  },
  "dependencies": {
    "@fortawesome/fontawesome-common-types": {
      "version": "0.3.0",
      "resolved": "https://registry.npmjs.org/@fortawesome/fontawesome-common-types/-/fontawesome-common-types-0.3.0.tgz",
      "integrity": "sha512-CA3MAZBTxVsF6SkfkHXDerkhcQs0QPofy43eFdbWJJkZiq3SfiaH1msOkac59rQaqto5EqWnASboY1dBuKen5w=="
    },
    "@fortawesome/free-solid-svg-icons": {
      "version": "6.0.0",
      "resolved": "https://registry.npmjs.org/@fortawesome/free-solid-svg-icons/-/free-solid-svg-icons-6.0.0.tgz",
      "integrity": "sha512-o4FZ1XbndcgeWNb8Wh0y+Hgf73CjmyOQowUSaqQCtgIIdS+XliSBSOwCl330wER+I6CGYE96hT27bHBPmzX2Gg==",
      "requires": {
        "@fortawesome/fontawesome-common-types": "^0.3.0"
      }
    }
  }
}
